
Microsoft Visual Studio Solution File, Format Version 12.00
# Visual Studio Version 17
VisualStudioVersion = 17.3.32929.385
MinimumVisualStudioVersion = 10.0.40219.1
Project("{FAE04EC0-301F-11D3-BF4B-00C04F79EFBC}") = "la-mia-pizzeria-static", "la-mia-pizzeria-static.csproj", "{54CABDA8-123E-437C-BC81-0245A76798F5}"
EndProject
Global
	GlobalSection(SolutionConfigurationPlatforms) = preSolution
		Debug|Any CPU = Debug|Any CPU
		Release|Any CPU = Release|Any CPU
	EndGlobalSection
	GlobalSection(ProjectConfigurationPlatforms) = postSolution
		{54CABDA8-123E-437C-BC81-0245A76798F5}.Debug|Any CPU.ActiveCfg = Debug|Any CPU
		{54CABDA8-123E-437C-BC81-0245A76798F5}.Debug|Any CPU.Build.0 = Debug|Any CPU
		{54CABDA8-123E-437C-BC81-0245A76798F5}.Release|Any CPU.ActiveCfg = Release|Any CPU
		{54CABDA8-123E-437C-BC81-0245A76798F5}.Release|Any CPU.Build.0 = Release|Any CPU
	EndGlobalSection
	GlobalSection(SolutionProperties) = preSolution
		HideSolutionNode = FALSE
	EndGlobalSection
	GlobalSection(ExtensibilityGlobals) = postSolution
		SolutionGuid = {E2A88D60-A503-4D88-BFD1-531BA70F9DDA}
	EndGlobalSection
EndGlobal
